github.com/atotto/clipboard v0.1.0 h1:pw3q0vqdkRc2qob0PLEZo3NFSQehzW2dgSdbMI75kEs=
github.com/atotto/clipboard v0.1.0/go.mod h1:ZY9tmq7sm5xIbd9bOK4onWV4S6X0u6GY7Vn0Yu86PYI=
github.com/davecgh/go-spew v1.1.1 h1:vj9j/u1bqnvCEfJOwUhtlOARqs3+rkHYY13jYWTU97c=
github.com/davecgh/go-spew v1.1.1/go.mod h1:J7Y8YcW2NihsgmVo/mv3lAwl/skON4iLHjSsI+c5H38=
github.com/dmulholl/janus/v2 v2.1.0 h1:LfzDk+iKaWWpM0zPbj6sV5IzHwvUQ/HBl/neDTtZy6A=
github.com/dmulholl/janus/v2 v2.1.0/go.mod h1:8JFAGg6DOhB3Rs3wK/6nkuypFj1SWha22OiThlvWjkk=
github.com/howeyc/gopass v0.0.0-20170109162249-bf9dde6d0d2c h1:kQWxfPIHVLbgLzphqk3QUflDy9QdksZR4ygR807bpy0=
github.com/howeyc/gopass v0.0.0-20170109162249-bf9dde6d0d2c/go.mod h1:lADxMC39cJJqL93Duh1xhAs4I2Zs8mKS89XWXFGp9cs=
github.com/mitchellh/go-wordwrap v1.0.1 h1:TLuKupo69TCn6TQSyGxwI1EblZZEsQ0vMlAFQflz0v0=
github.com/mitchellh/go-wordwrap v1.0.1/go.mod h1:R62XHJLzvMFRBbcrT7m7WgmE1eOyTSsCt+hzestvNj0=
github.com/pelletier/go-toml v1.8.1 h1:1Nf83orprkJyknT6h7zbuEGUEjcyVlCxSUGTENmNCRM=
github.com/pelletier/go-toml v1.8.1/go.mod h1:T2/BmBdy8dvIRq1a/8aqjN41wvWlN4lrapLU/GW4pbc=
golang.org/x/crypto v0.0.0-20180527072434-ab813273cd59 h1:hk3yo72LXLapY9EXVttc3Z1rLOxT9IuAPPX3GpY2+jo=
golang.org/x/crypto v0.0.0-20180527072434-ab813273cd59/go.mod h1:6SG95UA2DQfeDnfUPMdvaQW0Q7yPrPDi9nlGo2tz2b4=
golang.org/x/sys v0.0.0-20180525142821-c11f84a56e43 h1:PvnWIWTbA7gsEBkKjt0HV9hckYfcqYv8s/ju7ArZ0do=
golang.org/x/sys v0.0.0-20180525142821-c11f84a56e43/go.mod h1:STP8DvDyc/dI5b8T5hshtkjS+E42TnysNCUPdjciGhY=
