# This file is autogenerated, do not edit; changes may be undone by the next 'dep ensure'.


[[projects]]
  branch = "master"
  digest = "1:dd1417c60900a2be6d1653e90306614657761fc9c3066eccc558ae432b31aa60"
  name = "github.com/atotto/clipboard"
  packages = ["."]
  pruneopts = "UT"
  revision = "5e2c7bddca04488284428a201e4a15615f7a5074"

[[projects]]
  digest = "1:da653f1345adeda01e0903e0575ee8f4b8aaf7617c1b83c2ea9a44c3a4746c1a"
  name = "github.com/dmulholl/janus-go"
  packages = ["janus"]
  pruneopts = "UT"
  revision = "562c2c5cf3f99dab73783e384f7acabd0ac5192c"
  version = "2.0.0"

[[projects]]
  branch = "master"
  digest = "1:0778dc7fce1b4669a8bfa7ae506ec1f595b6ab0f8989c1c0d22a8ca1144e9972"
  name = "github.com/howeyc/gopass"
  packages = ["."]
  pruneopts = "UT"
  revision = "bf9dde6d0d2c004a008c27aaee91170c786f6db8"

[[projects]]
  branch = "master"
  digest = "1:e68cd472b96cdf7c9f6971ac41bcc1d4d3b23d67c2a31d2399446e295bc88ae9"
  name = "github.com/mitchellh/go-wordwrap"
  packages = ["."]
  pruneopts = "UT"
  revision = "ad45545899c7b13c020ea92b2072220eefad42b8"

[[projects]]
  digest = "1:7231124c9669dfb54b82ef8b89f2735cf5d5d2529a23c6ac93a8c4b8bbb28b28"
  name = "github.com/pelletier/go-toml"
  packages = ["."]
  pruneopts = "UT"
  revision = "acdc4509485b587f5e675510c4f2c63e90ff68a8"
  version = "v1.1.0"

[[projects]]
  branch = "master"
  digest = "1:068a2dc2616cf054ace5f2b6bc03e9a4a6d85e46d44480f92ec9fab07527f0ba"
  name = "github.com/tonnerre/golang-text"
  packages = ["."]
  pruneopts = "UT"
  revision = "048ed3d792f7104850acbc8cfc01e5a6070f4c04"

[[projects]]
  branch = "master"
  digest = "1:cb77e5934866333fa0784326a57e64c4da128001c94fbd1d29819d79bd3b1087"
  name = "golang.org/x/crypto"
  packages = [
    "pbkdf2",
    "ssh/terminal",
  ]
  pruneopts = "UT"
  revision = "ab813273cd59e1333f7ae7bff5d027d4aadf528c"

[[projects]]
  branch = "master"
  digest = "1:8fbfc6ea1a8a078697633be97f07dd83a83d32a96959d42195464c13c25be374"
  name = "golang.org/x/sys"
  packages = [
    "unix",
    "windows",
  ]
  pruneopts = "UT"
  revision = "c11f84a56e43e20a78cee75a7c034031ecf57d1f"

[solve-meta]
  analyzer-name = "dep"
  analyzer-version = 1
  input-imports = [
    "github.com/atotto/clipboard",
    "github.com/dmulholl/janus-go/janus",
    "github.com/howeyc/gopass",
    "github.com/mitchellh/go-wordwrap",
    "github.com/pelletier/go-toml",
    "github.com/tonnerre/golang-text",
    "golang.org/x/crypto/pbkdf2",
    "golang.org/x/crypto/ssh/terminal",
    "golang.org/x/sys/windows",
  ]
  solver-name = "gps-cdcl"
  solver-version = 1
